# THIS IS AN AUTOGENERATED FILE. DO NOT EDIT THIS FILE DIRECTLY.
# yarn lockfile v1


async-validator@^3.2.4:
  version "3.2.4"
  resolved "https://registry.npm.taobao.org/async-validator/download/async-validator-3.2.4.tgz#4e773a1d0d741016b455b7995b469a47cce0dbe0"
  integrity sha1-Tnc6HQ10EBa0VbeZW0aaR8zg2+A=

lodash@^4.17.15:
  version "4.17.19"
  resolved "https://registry.yarnpkg.com/lodash/-/lodash-4.17.19.tgz#e48ddedbe30b3321783c5b4301fbd353bc1e4a4b"
  integrity sha512-JNvd8XER9GQX0v2qJgsaN/mzFCNA5BRe/j8JN9d+tWyGLSodKQHKFicdwNYzWwI3wjRnaKPsGj1XkBjx/F96DQ==
